
Microsoft Visual Studio Solution File, Format Version 12.00
# Visual Studio Version 17
VisualStudioVersion = 17.13.35825.156
MinimumVisualStudioVersion = 10.0.40219.1
Project("{2150E333-8FDC-42A3-9474-1A3956D46DE8}") = "src", "src", "{02EA681E-C7D8-13C7-8484-4AC65E1B71E8}"
EndProject
Project("{2150E333-8FDC-42A3-9474-1A3956D46DE8}") = "tests", "tests", "{A7537A26-978D-4291-A459-C0B10DF2E0E0}"
EndProject
Project("{2150E333-8FDC-42A3-9474-1A3956D46DE8}") = "Api", "Api", "{C3EC6709-3C68-49E3-A3C1-760F98ABB286}"
EndProject
Project("{2150E333-8FDC-42A3-9474-1A3956D46DE8}") = "Application", "Application", "{0AC63B6A-34FA-44E3-871B-871B7C752FF2}"
EndProject
Project("{2150E333-8FDC-42A3-9474-1A3956D46DE8}") = "Domain", "Domain", "{3C3D7AA0-93F5-4F26-89E2-72A7A593B5F2}"
EndProject
Project("{2150E333-8FDC-42A3-9474-1A3956D46DE8}") = "Infrastructure", "Infrastructure", "{6E2916B2-08A5-49FC-82DA-ACB053319CA2}"
EndProject
Project("{FAE04EC0-301F-11D3-BF4B-00C04F79EFBC}") = "Cadastro.Domain", "src\Cadastro.Domain\Cadastro.Domain.csproj", "{F1905AB7-C2E4-4278-AD1D-F790A0ACA8E6}"
EndProject
Project("{FAE04EC0-301F-11D3-BF4B-00C04F79EFBC}") = "Cadastro.Application", "src\Cadastro.Application\Cadastro.Application.csproj", "{4634093F-9ACF-4157-8A6B-5DCA7323A5E5}"
EndProject
Project("{2150E333-8FDC-42A3-9474-1A3956D46DE8}") = "Adapters", "Adapters", "{4A5FF8A9-3701-4FCD-A879-A865EBCB2A7E}"
EndProject
Project("{2150E333-8FDC-42A3-9474-1A3956D46DE8}") = "CrossCutting", "CrossCutting", "{A84A673F-EA4A-44B2-8B3F-29CCD7C334D0}"
EndProject
Project("{2150E333-8FDC-42A3-9474-1A3956D46DE8}") = "Data", "Data", "{280AB30E-918D-4DD7-A465-F6229235A878}"
EndProject
Project("{FAE04EC0-301F-11D3-BF4B-00C04F79EFBC}") = "Cadastro.Infrastructure.Data", "src\Cadastro.Infrastructure.Data\Cadastro.Infrastructure.Data.csproj", "{71E3DC7A-BFFF-4268-8A12-FE950779423B}"
EndProject
Project("{FAE04EC0-301F-11D3-BF4B-00C04F79EFBC}") = "Cadastro.Infrastructure.CrossCutting", "src\Cadastro.Infrastructure.CrossCutting\Cadastro.Infrastructure.CrossCutting.csproj", "{49E6F148-5F7D-4EAF-A993-60CB81650658}"
EndProject
Project("{FAE04EC0-301F-11D3-BF4B-00C04F79EFBC}") = "Cadastro.Api", "src\Cadastro.Api\Cadastro.Api.csproj", "{2E3707F1-8342-4E1F-ACEE-B35BC5A23CF5}"
EndProject
Global
	GlobalSection(SolutionConfigurationPlatforms) = preSolution
		Debug|Any CPU = Debug|Any CPU
		Release|Any CPU = Release|Any CPU
	EndGlobalSection
	GlobalSection(ProjectConfigurationPlatforms) = postSolution
		{F1905AB7-C2E4-4278-AD1D-F790A0ACA8E6}.Debug|Any CPU.ActiveCfg = Debug|Any CPU
		{F1905AB7-C2E4-4278-AD1D-F790A0ACA8E6}.Debug|Any CPU.Build.0 = Debug|Any CPU
		{F1905AB7-C2E4-4278-AD1D-F790A0ACA8E6}.Release|Any CPU.ActiveCfg = Release|Any CPU
		{F1905AB7-C2E4-4278-AD1D-F790A0ACA8E6}.Release|Any CPU.Build.0 = Release|Any CPU
		{4634093F-9ACF-4157-8A6B-5DCA7323A5E5}.Debug|Any CPU.ActiveCfg = Debug|Any CPU
		{4634093F-9ACF-4157-8A6B-5DCA7323A5E5}.Debug|Any CPU.Build.0 = Debug|Any CPU
		{4634093F-9ACF-4157-8A6B-5DCA7323A5E5}.Release|Any CPU.ActiveCfg = Release|Any CPU
		{4634093F-9ACF-4157-8A6B-5DCA7323A5E5}.Release|Any CPU.Build.0 = Release|Any CPU
		{71E3DC7A-BFFF-4268-8A12-FE950779423B}.Debug|Any CPU.ActiveCfg = Debug|Any CPU
		{71E3DC7A-BFFF-4268-8A12-FE950779423B}.Debug|Any CPU.Build.0 = Debug|Any CPU
		{71E3DC7A-BFFF-4268-8A12-FE950779423B}.Release|Any CPU.ActiveCfg = Release|Any CPU
		{71E3DC7A-BFFF-4268-8A12-FE950779423B}.Release|Any CPU.Build.0 = Release|Any CPU
		{49E6F148-5F7D-4EAF-A993-60CB81650658}.Debug|Any CPU.ActiveCfg = Debug|Any CPU
		{49E6F148-5F7D-4EAF-A993-60CB81650658}.Debug|Any CPU.Build.0 = Debug|Any CPU
		{49E6F148-5F7D-4EAF-A993-60CB81650658}.Release|Any CPU.ActiveCfg = Release|Any CPU
		{49E6F148-5F7D-4EAF-A993-60CB81650658}.Release|Any CPU.Build.0 = Release|Any CPU
		{2E3707F1-8342-4E1F-ACEE-B35BC5A23CF5}.Debug|Any CPU.ActiveCfg = Debug|Any CPU
		{2E3707F1-8342-4E1F-ACEE-B35BC5A23CF5}.Debug|Any CPU.Build.0 = Debug|Any CPU
		{2E3707F1-8342-4E1F-ACEE-B35BC5A23CF5}.Release|Any CPU.ActiveCfg = Release|Any CPU
		{2E3707F1-8342-4E1F-ACEE-B35BC5A23CF5}.Release|Any CPU.Build.0 = Release|Any CPU
	EndGlobalSection
	GlobalSection(SolutionProperties) = preSolution
		HideSolutionNode = FALSE
	EndGlobalSection
	GlobalSection(NestedProjects) = preSolution
		{C3EC6709-3C68-49E3-A3C1-760F98ABB286} = {02EA681E-C7D8-13C7-8484-4AC65E1B71E8}
		{0AC63B6A-34FA-44E3-871B-871B7C752FF2} = {02EA681E-C7D8-13C7-8484-4AC65E1B71E8}
		{3C3D7AA0-93F5-4F26-89E2-72A7A593B5F2} = {02EA681E-C7D8-13C7-8484-4AC65E1B71E8}
		{6E2916B2-08A5-49FC-82DA-ACB053319CA2} = {02EA681E-C7D8-13C7-8484-4AC65E1B71E8}
		{F1905AB7-C2E4-4278-AD1D-F790A0ACA8E6} = {3C3D7AA0-93F5-4F26-89E2-72A7A593B5F2}
		{4634093F-9ACF-4157-8A6B-5DCA7323A5E5} = {0AC63B6A-34FA-44E3-871B-871B7C752FF2}
		{4A5FF8A9-3701-4FCD-A879-A865EBCB2A7E} = {6E2916B2-08A5-49FC-82DA-ACB053319CA2}
		{A84A673F-EA4A-44B2-8B3F-29CCD7C334D0} = {6E2916B2-08A5-49FC-82DA-ACB053319CA2}
		{280AB30E-918D-4DD7-A465-F6229235A878} = {6E2916B2-08A5-49FC-82DA-ACB053319CA2}
		{71E3DC7A-BFFF-4268-8A12-FE950779423B} = {280AB30E-918D-4DD7-A465-F6229235A878}
		{49E6F148-5F7D-4EAF-A993-60CB81650658} = {A84A673F-EA4A-44B2-8B3F-29CCD7C334D0}
		{2E3707F1-8342-4E1F-ACEE-B35BC5A23CF5} = {C3EC6709-3C68-49E3-A3C1-760F98ABB286}
	EndGlobalSection
	GlobalSection(ExtensibilityGlobals) = postSolution
		SolutionGuid = {94E105C2-AFF8-494A-866B-C0E6F9C14774}
	EndGlobalSection
EndGlobal
